// !$*UTF8*$!
{
	archiveVersion = 1;
	classes = {
	};
	objectVersion = 46;
	objects = {

/* Begin PBXBuildFile section */
		7F20B8301E6257A000BA37E5 /* AppDelegate.swift in Sources */ = {isa = PBXBuildFile; fileRef = 7F20B82F1E6257A000BA37E5 /* AppDelegate.swift */; };
		7F20B8321E6257A000BA37E5 /* ViewController.swift in Sources */ = {isa = PBXBuildFile; fileRef = 7F20B8311E6257A000BA37E5 /* ViewController.swift */; };
		7F20B8351E6257A000BA37E5 /* Main.storyboard in Resources */ = {isa = PBXBuildFile; fileRef = 7F20B8331E6257A000BA37E5 /* Main.storyboard */; };
		7F20B8381E6257A000BA37E5 /* ToDo_List.xcdatamodeld in Sources */ = {isa = PBXBuildFile; fileRef = 7F20B8361E6257A000BA37E5 /* ToDo_List.xcdatamodeld */; };
		7F20B83A1E6257A000BA37E5 /* Assets.xcassets in Resources */ = {isa = PBXBuildFile; fileRef = 7F20B8391E6257A000BA37E5 /* Assets.xcassets */; };
		7F20B83D1E6257A000BA37E5 /* LaunchScreen.storyboard in Resources */ = {isa = PBXBuildFile; fileRef = 7F20B83B1E6257A000BA37E5 /* LaunchScreen.storyboard */; };
/* End PBXBuildFile section */

/* Begin PBXFileReference section */
		7F20B82C1E6257A000BA37E5 /* ToDo List.app */ = {isa = PBXFileReference; explicitFileType = wrapper.application; includeInIndex = 0; path = "ToDo List.app"; sourceTree = BUILT_PRODUCTS_DIR; };
		7F20B82F1E6257A000BA37E5 /* AppDelegate.swift */ = {isa = PBXFileReference; lastKnownFileType = sourcecode.swift; path = AppDelegate.swift; sourceTree = "<group>"; };
		7F20B8311E6257A000BA37E5 /* ViewController.swift */ = {isa = PBXFileReference; lastKnownFileType = sourcecode.swift; path = ViewController.swift; sourceTree = "<group>"; };
		7F20B8341E6257A000BA37E5 /* Base */ = {isa = PBXFileReference; lastKnownFileType = file.storyboard; name = Base; path = Base.lproj/Main.storyboard; sourceTree = "<group>"; };
		7F20B8371E6257A000BA37E5 /* ToDo_List.xcdatamodel */ = {isa = PBXFileReference; lastKnownFileType = wrapper.xcdatamodel; path = ToDo_List.xcdatamodel; sourceTree = "<group>"; };
		7F20B8391E6257A000BA37E5 /* Assets.xcassets */ = {isa = PBXFileReference; lastKnownFileType = folder.assetcatalog; path = Assets.xcassets; sourceTree = "<group>"; };
		7F20B83C1E6257A000BA37E5 /* Base */ = {isa = PBXFileReference; lastKnownFileType = file.storyboard; name = Base; path = Base.lproj/LaunchScreen.storyboard; sourceTree = "<group>"; };
		7F20B83E1E6257A000BA37E5 /* Info.plist */ = {isa = PBXFileReference; lastKnownFileType = text.plist.xml; path = Info.plist; sourceTree = "<group>"; };
/* End PBXFileReference section */

/* Begin PBXFrameworksBuildPhase section */
		7F20B8291E6257A000BA37E5 /* Frameworks */ = {
			isa = PBXFrameworksBuildPhase;
			buildActionMask = 2147483647;
			files = (
			);
			runOnlyForDeploymentPostprocessing = 0;
		};
/* End PBXFrameworksBuildPhase section */

/* Begin PBXGroup section */
		7F20B8231E6257A000BA37E5 = {
			isa = PBXGroup;
			children = (
				7F20B82E1E6257A000BA37E5 /* ToDo List */,
				7F20B82D1E6257A000BA37E5 /* Products */,
			);
			sourceTree = "<group>";
		};
		7F20B82D1E6257A000BA37E5 /* Products */ = {
			isa = PBXGroup;
			children = (
				7F20B82C1E6257A000BA37E5 /* ToDo List.app */,
			);
			name = Products;
			sourceTree = "<group>";
		};
		7F20B82E1E6257A000BA37E5 /* ToDo List */ = {
			isa = PBXGroup;
			children = (
				7F20B82F1E6257A000BA37E5 /* AppDelegate.swift */,
				7F20B8311E6257A000BA37E5 /* ViewController.swift */,
				7F20B8331E6257A000BA37E5 /* Main.storyboard */,
				7F20B8391E6257A000BA37E5 /* Assets.xcassets */,
				7F20B83B1E6257A000BA37E5 /* LaunchScreen.storyboard */,
				7F20B83E1E6257A000BA37E5 /* Info.plist */,
				7F20B8361E6257A000BA37E5 /* ToDo_List.xcdatamodeld */,
			);
			path = "ToDo List";
			sourceTree = "<group>";
		};
/* End PBXGroup section */

/* Begin PBXNativeTarget section */
		7F20B82B1E6257A000BA37E5 /* ToDo List */ = {
			isa = PBXNativeTarget;
			buildConfigurationList = 7F20B8411E6257A000BA37E5 /* Build configuration list for PBXNativeTarget "ToDo List" */;
			buildPhases = (
				7F20B8281E6257A000BA37E5 /* Sources */,
				7F20B8291E6257A000BA37E5 /* Frameworks */,
				7F20B82A1E6257A000BA37E5 /* Resources */,
			);
			buildRules = (
			);
			dependencies = (
			);
			name = "ToDo List";
			productName = "ToDo List";
			productReference = 7F20B82C1E6257A000BA37E5 /* ToDo List.app */;
			productType = "com.apple.product-type.application";
		};
/* End PBXNativeTarget section */

/* Begin PBXProject section */
		7F20B8241E6257A000BA37E5 /* Project object */ = {
			isa = PBXProject;
			attributes = {
				LastSwiftUpdateCheck = 0820;
				LastUpgradeCheck = 0820;
				ORGANIZATIONNAME = "Sushrut Shastri";
				TargetAttributes = {
					7F20B82B1E6257A000BA37E5 = {
						CreatedOnToolsVersion = 8.2.1;
						ProvisioningStyle = Automatic;
					};
				};
			};
			buildConfigurationList = 7F20B8271E6257A000BA37E5 /* Build configuration list for PBXProject "ToDo List" */;
			compatibilityVersion = "Xcode 3.2";
			developmentRegion = English;
			hasScannedForEncodings = 0;
			knownRegions = (
				en,
				Base,
			);
			mainGroup = 7F20B8231E6257A000BA37E5;
			productRefGroup = 7F20B82D1E6257A000BA37E5 /* Products */;
			projectDirPath = "";
			projectRoot = "";
			targets = (
				7F20B82B1E6257A000BA37E5 /* ToDo List */,
			);
		};
/* End PBXProject section */

/* Begin PBXResourcesBuildPhase section */
		7F20B82A1E6257A000BA37E5 /* Resources */ = {
			isa = PBXResourcesBuildPhase;
			buildActionMask = 2147483647;
			files = (
				7F20B83D1E6257A000BA37E5 /* LaunchScreen.storyboard in Resources */,
				7F20B83A1E6257A000BA37E5 /* Assets.xcassets in Resources */,
				7F20B8351E6257A000BA37E5 /* Main.storyboard in Resources */,
			);
			runOnlyForDeploymentPostprocessing = 0;
		};
/* End PBXResourcesBuildPhase section */

/* Begin PBXSourcesBuildPhase section */
		7F20B8281E6257A000BA37E5 /* Sources */ = {
			isa = PBXSourcesBuildPhase;
			buildActionMask = 2147483647;
			files = (
				7F20B8321E6257A000BA37E5 /* ViewController.swift in Sources */,
				7F20B8301E6257A000BA37E5 /* AppDelegate.swift in Sources */,
				7F20B8381E6257A000BA37E5 /* ToDo_List.xcdatamodeld in Sources */,
			);
			runOnlyForDeploymentPostprocessing = 0;
		};
/* End PBXSourcesBuildPhase section */

/* Begin PBXVariantGroup section */
		7F20B8331E6257A000BA37E5 /* Main.storyboard */ = {
			isa = PBXVariantGroup;
			children = (
				7F20B8341E6257A000BA37E5 /* Base */,
			);
			name = Main.storyboard;
			sourceTree = "<group>";
		};
		7F20B83B1E6257A000BA37E5 /* LaunchScreen.storyboard */ = {
			isa = PBXVariantGroup;
			children = (
				7F20B83C1E6257A000BA37E5 /* Base */,
			);
			name = LaunchScreen.storyboard;
			sourceTree = "<group>";
		};
/* End PBXVariantGroup section */

/* Begin XCBuildConfiguration section */
		7F20B83F1E6257A000BA37E5 /* Debug */ = {
			isa = XCBuildConfiguration;
			buildSettings = {
				ALWAYS_SEARCH_USER_PATHS = NO;
				CLANG_ANALYZER_NONNULL = YES;
				CLANG_CXX_LANGUAGE_STANDARD = "gnu++0x";
				CLANG_CXX_LIBRARY = "libc++";
				CLANG_ENABLE_MODULES = YES;
				CLANG_ENABLE_OBJC_ARC = YES;
				CLANG_WARN_BOOL_CONVERSION = YES;
				CLANG_WARN_CONSTANT_CONVERSION = YES;
				CLANG_WARN_DIRECT_OBJC_ISA_USAGE = YES_ERROR;
				CLANG_WARN_DOCUMENTATION_COMMENTS = YES;
				CLANG_WARN_EMPTY_BODY = YES;
				CLANG_WARN_ENUM_CONVERSION = YES;
				CLANG_WARN_INFINITE_RECURSION = YES;
				CLANG_WARN_INT_CONVERSION = YES;
				CLANG_WARN_OBJC_ROOT_CLASS = YES_ERROR;
				CLANG_WARN_SUSPICIOUS_MOVE = YES;
				CLANG_WARN_UNREACHABLE_CODE = YES;
				CLANG_WARN__DUPLICATE_METHOD_MATCH = YES;
				"CODE_SIGN_IDENTITY[sdk=iphoneos*]" = "iPhone Developer";
				COPY_PHASE_STRIP = NO;
				DEBUG_INFORMATION_FORMAT = dwarf;
				ENABLE_STRICT_OBJC_MSGSEND = YES;
				ENABLE_TESTABILITY = YES;
				GCC_C_LANGUAGE_STANDARD = gnu99;
				GCC_DYNAMIC_NO_PIC = NO;
				GCC_NO_COMMON_BLOCKS = YES;
				GCC_OPTIMIZATION_LEVEL = 0;
				GCC_PREPROCESSOR_DEFINITIONS = (
					"DEBUG=1",
					"$(inherited)",
				);
				GCC_WARN_64_TO_32_BIT_CONVERSION = YES;
				GCC_WARN_ABOUT_RETURN_TYPE = YES_ERROR;
				GCC_WARN_UNDECLARED_SELECTOR = YES;
				GCC_WARN_UNINITIALIZED_AUTOS = YES_AGGRESSIVE;
				GCC_WARN_UNUSED_FUNCTION = YES;
				GCC_WARN_UNUSED_VARIABLE = YES;
				IPHONEOS_DEPLOYMENT_TARGET = 10.2;
				MTL_ENABLE_DEBUG_INFO = YES;
				ONLY_ACTIVE_ARCH = YES;
				SDKROOT = iphoneos;
				SWIFT_ACTIVE_COMPILATION_CONDITIONS = DEBUG;
				SWIFT_OPTIMIZATION_LEVEL = "-Onone";
			};
			name = Debug;
		};
		7F20B8401E6257A000BA37E5 /* Release */ = {
			isa = XCBuildConfiguration;
			buildSettings = {
				ALWAYS_SEARCH_USER_PATHS = NO;
				CLANG_ANALYZER_NONNULL = YES;
				CLANG_CXX_LANGUAGE_STANDARD = "gnu++0x";
				CLANG_CXX_LIBRARY = "libc++";
				CLANG_ENABLE_MODULES = YES;
				CLANG_ENABLE_OBJC_ARC = YES;
				CLANG_WARN_BOOL_CONVERSION = YES;
				CLANG_WARN_CONSTANT_CONVERSION = YES;
				CLANG_WARN_DIRECT_OBJC_ISA_USAGE = YES_ERROR;
				CLANG_WARN_DOCUMENTATION_COMMENTS = YES;
				CLANG_WARN_EMPTY_BODY = YES;
				CLANG_WARN_ENUM_CONVERSION = YES;
				CLANG_WARN_INFINITE_RECURSION = YES;
				CLANG_WARN_INT_CONVERSION = YES;
				CLANG_WARN_OBJC_ROOT_CLASS = YES_ERROR;
				CLANG_WARN_SUSPICIOUS_MOVE = YES;
				CLANG_WARN_UNREACHABLE_CODE = YES;
				CLANG_WARN__DUPLICATE_METHOD_MATCH = YES;
				"CODE_SIGN_IDENTITY[sdk=iphoneos*]" = "iPhone Developer";
				COPY_PHASE_STRIP = NO;
				DEBUG_INFORMATION_FORMAT = "dwarf-with-dsym";
				ENABLE_NS_ASSERTIONS = NO;
				ENABLE_STRICT_OBJC_MSGSEND = YES;
				GCC_C_LANGUAGE_STANDARD = gnu99;
				GCC_NO_COMMON_BLOCKS = YES;
				GCC_WARN_64_TO_32_BIT_CONVERSION = YES;
				GCC_WARN_ABOUT_RETURN_TYPE = YES_ERROR;
				GCC_WARN_UNDECLARED_SELECTOR = YES;
				GCC_WARN_UNINITIALIZED_AUTOS = YES_AGGRESSIVE;
				GCC_WARN_UNUSED_FUNCTION = YES;
				GCC_WARN_UNUSED_VARIABLE = YES;
				IPHONEOS_DEPLOYMENT_TARGET = 10.2;
				MTL_ENABLE_DEBUG_INFO = NO;
				SDKROOT = iphoneos;
				SWIFT_OPTIMIZATION_LEVEL = "-Owholemodule";
				VALIDATE_PRODUCT = YES;
			};
			name = Release;
		};
		7F20B8421E6257A000BA37E5 /* Debug */ = {
			isa = XCBuildConfiguration;
			buildSettings = {
				ASSETCATALOG_COMPILER_APPICON_NAME = AppIcon;
				INFOPLIST_FILE = "ToDo List/Info.plist";
				LD_RUNPATH_SEARCH_PATHS = "$(inherited) @executable_path/Frameworks";
				PRODUCT_BUNDLE_IDENTIFIER = "Sushrut-Shastri.ToDo-List";
				PRODUCT_NAME = "$(TARGET_NAME)";
				SWIFT_VERSION = 3.0;
			};
			name = Debug;
		};
		7F20B8431E6257A000BA37E5 /* Release */ = {
			isa = XCBuildConfiguration;
			buildSettings = {
				ASSETCATALOG_COMPILER_APPICON_NAME = AppIcon;
				INFOPLIST_FILE = "ToDo List/Info.plist";
				LD_RUNPATH_SEARCH_PATHS = "$(inherited) @executable_path/Frameworks";
				PRODUCT_BUNDLE_IDENTIFIER = "Sushrut-Shastri.ToDo-List";
				PRODUCT_NAME = "$(TARGET_NAME)";
				SWIFT_VERSION = 3.0;
			};
			name = Release;
		};
/* End XCBuildConfiguration section */

/* Begin XCConfigurationList section */
		7F20B8271E6257A000BA37E5 /* Build configuration list for PBXProject "ToDo List" */ = {
			isa = XCConfigurationList;
			buildConfigurations = (
				7F20B83F1E6257A000BA37E5 /* Debug */,
				7F20B8401E6257A000BA37E5 /* Release */,
			);
			defaultConfigurationIsVisible = 0;
			defaultConfigurationName = Release;
		};
		7F20B8411E6257A000BA37E5 /* Build configuration list for PBXNativeTarget "ToDo List" */ = {
			isa = XCConfigurationList;
			buildConfigurations = (
				7F20B8421E6257A000BA37E5 /* Debug */,
				7F20B8431E6257A000BA37E5 /* Release */,
			);
			defaultConfigurationIsVisible = 0;
		};
/* End XCConfigurationList section */

/* Begin XCVersionGroup section */
		7F20B8361E6257A000BA37E5 /* ToDo_List.xcdatamodeld */ = {
			isa = XCVersionGroup;
			children = (
				7F20B8371E6257A000BA37E5 /* ToDo_List.xcdatamodel */,
			);
			currentVersion = 7F20B8371E6257A000BA37E5 /* ToDo_List.xcdatamodel */;
			path = ToDo_List.xcdatamodeld;
			sourceTree = "<group>";
			versionGroupType = wrapper.xcdatamodel;
		};
/* End XCVersionGroup section */
	};
	rootObject = 7F20B8241E6257A000BA37E5 /* Project object */;
}
